
Microsoft Visual Studio Solution File, Format Version 12.00
Project("{FAE04EC0-301F-11D3-BF4B-00C04F79EFBC}") = "CleanDownloads", "CleanDownloads\CleanDownloads.csproj", "{A8B739DD-86DE-4026-B3A5-8EA7AF3BB3ED}"
EndProject
Global
	GlobalSection(SolutionConfigurationPlatforms) = preSolution
		Debug|Any CPU = Debug|Any CPU
		Release|Any CPU = Release|Any CPU
	EndGlobalSection
	GlobalSection(ProjectConfigurationPlatforms) = postSolution
		{A8B739DD-86DE-4026-B3A5-8EA7AF3BB3ED}.Debug|Any CPU.ActiveCfg = Debug|Any CPU
		{A8B739DD-86DE-4026-B3A5-8EA7AF3BB3ED}.Debug|Any CPU.Build.0 = Debug|Any CPU
		{A8B739DD-86DE-4026-B3A5-8EA7AF3BB3ED}.Release|Any CPU.ActiveCfg = Release|Any CPU
		{A8B739DD-86DE-4026-B3A5-8EA7AF3BB3ED}.Release|Any CPU.Build.0 = Release|Any CPU
	EndGlobalSection
EndGlobal
